
Microsoft Visual Studio Solution File, Format Version 12.00
# Visual Studio 14
VisualStudioVersion = 14.0.25420.1
MinimumVisualStudioVersion = 10.0.40219.1
Project("{2150E333-8FDC-42A3-9474-1A3956D46DE8}") = "src", "src", "{DE065565-E998-4494-86B4-138F53C40232}"
EndProject
Project("{2150E333-8FDC-42A3-9474-1A3956D46DE8}") = "Solution Items", "Solution Items", "{40384004-A7BA-405B-8560-1FAB9BDC433F}"
	ProjectSection(SolutionItems) = preProject
		global.json = global.json
	EndProjectSection
EndProject
Project("{8BB2217D-0F2D-49D1-97BC-3654ED321F3B}") = "PortsScan", "src\PortsScan\PortsScan.xproj", "{AABA087D-524A-47AC-BF62-1D852C362B10}"
EndProject
Global
	GlobalSection(SolutionConfigurationPlatforms) = preSolution
		Debug|Any CPU = Debug|Any CPU
		Release|Any CPU = Release|Any CPU
	EndGlobalSection
	GlobalSection(ProjectConfigurationPlatforms) = postSolution
		{AABA087D-524A-47AC-BF62-1D852C362B10}.Debug|Any CPU.ActiveCfg = Debug|Any CPU
		{AABA087D-524A-47AC-BF62-1D852C362B10}.Debug|Any CPU.Build.0 = Debug|Any CPU
		{AABA087D-524A-47AC-BF62-1D852C362B10}.Release|Any CPU.ActiveCfg = Release|Any CPU
		{AABA087D-524A-47AC-BF62-1D852C362B10}.Release|Any CPU.Build.0 = Release|Any CPU
	EndGlobalSection
	GlobalSection(SolutionProperties) = preSolution
		HideSolutionNode = FALSE
	EndGlobalSection
	GlobalSection(NestedProjects) = preSolution
		{AABA087D-524A-47AC-BF62-1D852C362B10} = {DE065565-E998-4494-86B4-138F53C40232}
	EndGlobalSection
EndGlobal
